
Microsoft Visual Studio Solution File, Format Version 12.00
# Visual Studio Version 17
VisualStudioVersion = 17.9.34622.214
MinimumVisualStudioVersion = 10.0.40219.1
Project("{FAE04EC0-301F-11D3-BF4B-00C04F79EFBC}") = "Trees", "Trees\Trees.csproj", "{8FE6399C-4F69-49D4-ACD7-2E1A420FA46A}"
EndProject
Global
	GlobalSection(SolutionConfigurationPlatforms) = preSolution
		Debug|Any CPU = Debug|Any CPU
		Release|Any CPU = Release|Any CPU
	EndGlobalSection
	GlobalSection(ProjectConfigurationPlatforms) = postSolution
		{8FE6399C-4F69-49D4-ACD7-2E1A420FA46A}.Debug|Any CPU.ActiveCfg = Debug|Any CPU
		{8FE6399C-4F69-49D4-ACD7-2E1A420FA46A}.Debug|Any CPU.Build.0 = Debug|Any CPU
		{8FE6399C-4F69-49D4-ACD7-2E1A420FA46A}.Release|Any CPU.ActiveCfg = Release|Any CPU
		{8FE6399C-4F69-49D4-ACD7-2E1A420FA46A}.Release|Any CPU.Build.0 = Release|Any CPU
	EndGlobalSection
	GlobalSection(SolutionProperties) = preSolution
		HideSolutionNode = FALSE
	EndGlobalSection
	GlobalSection(ExtensibilityGlobals) = postSolution
		SolutionGuid = {39F2934E-BDF8-4B9B-A770-1851C62C9CD1}
	EndGlobalSection
EndGlobal
